
Microsoft Visual Studio Solution File, Format Version 12.00
# Visual Studio Version 16
VisualStudioVersion = 16.0.30907.101
MinimumVisualStudioVersion = 10.0.40219.1
Project("{FAE04EC0-301F-11D3-BF4B-00C04F79EFBC}") = "Paint.Da", "Paint.Da\Paint.Da.csproj", "{0A272036-6BB0-402B-822B-CD0ED5969176}"
EndProject
Global
	GlobalSection(SolutionConfigurationPlatforms) = preSolution
		Debug|Any CPU = Debug|Any CPU
		Release|Any CPU = Release|Any CPU
	EndGlobalSection
	GlobalSection(ProjectConfigurationPlatforms) = postSolution
		{0A272036-6BB0-402B-822B-CD0ED5969176}.Debug|Any CPU.ActiveCfg = Debug|Any CPU
		{0A272036-6BB0-402B-822B-CD0ED5969176}.Debug|Any CPU.Build.0 = Debug|Any CPU
		{0A272036-6BB0-402B-822B-CD0ED5969176}.Release|Any CPU.ActiveCfg = Release|Any CPU
		{0A272036-6BB0-402B-822B-CD0ED5969176}.Release|Any CPU.Build.0 = Release|Any CPU
	EndGlobalSection
	GlobalSection(SolutionProperties) = preSolution
		HideSolutionNode = FALSE
	EndGlobalSection
	GlobalSection(ExtensibilityGlobals) = postSolution
		SolutionGuid = {84894347-3BD7-4EE1-B34B-D97A211102BB}
	EndGlobalSection
EndGlobal
